// !$*UTF8*$!
{
	archiveVersion = 1;
	classes = {
	};
	objectVersion = 56;
	objects = {

/* Begin PBXBuildFile section */
		C628BD5B2D286FAA00526283 /* SwiftUITestingApp.swift in Sources */ = {isa = PBXBuildFile; fileRef = C628BD5A2D286FAA00526283 /* SwiftUITestingApp.swift */; };
		C628BD5D2D286FAA00526283 /* ContentView.swift in Sources */ = {isa = PBXBuildFile; fileRef = C628BD5C2D286FAA00526283 /* ContentView.swift */; };
		C628BD5F2D286FAB00526283 /* Assets.xcassets in Resources */ = {isa = PBXBuildFile; fileRef = C628BD5E2D286FAB00526283 /* Assets.xcassets */; };
		C628BD622D286FAB00526283 /* Preview Assets.xcassets in Resources */ = {isa = PBXBuildFile; fileRef = C628BD612D286FAB00526283 /* Preview Assets.xcassets */; };
		C628BD6C2D286FAB00526283 /* SwiftUITestingTests.swift in Sources */ = {isa = PBXBuildFile; fileRef = C628BD6B2D286FAB00526283 /* SwiftUITestingTests.swift */; };
		C628BD892D28712D00526283 /* ViewInspector in Frameworks */ = {isa = PBXBuildFile; productRef = C628BD882D28712D00526283 /* ViewInspector */; };
/* End PBXBuildFile section */

/* Begin PBXContainerItemProxy section */
		C628BD682D286FAB00526283 /* PBXContainerItemProxy */ = {
			isa = PBXContainerItemProxy;
			containerPortal = C628BD4F2D286FAA00526283 /* Project object */;
			proxyType = 1;
			remoteGlobalIDString = C628BD562D286FAA00526283;
			remoteInfo = SwiftUITesting;
		};
/* End PBXContainerItemProxy section */

/* Begin PBXFileReference section */
		C628BD572D286FAA00526283 /* SwiftUITesting.app */ = {isa = PBXFileReference; explicitFileType = wrapper.application; includeInIndex = 0; path = SwiftUITesting.app; sourceTree = BUILT_PRODUCTS_DIR; };
		C628BD5A2D286FAA00526283 /* SwiftUITestingApp.swift */ = {isa = PBXFileReference; lastKnownFileType = sourcecode.swift; path = SwiftUITestingApp.swift; sourceTree = "<group>"; };
		C628BD5C2D286FAA00526283 /* ContentView.swift */ = {isa = PBXFileReference; lastKnownFileType = sourcecode.swift; path = ContentView.swift; sourceTree = "<group>"; };
		C628BD5E2D286FAB00526283 /* Assets.xcassets */ = {isa = PBXFileReference; lastKnownFileType = folder.assetcatalog; path = Assets.xcassets; sourceTree = "<group>"; };
		C628BD612D286FAB00526283 /* Preview Assets.xcassets */ = {isa = PBXFileReference; lastKnownFileType = folder.assetcatalog; path = "Preview Assets.xcassets"; sourceTree = "<group>"; };
		C628BD672D286FAB00526283 /* SwiftUITestingTests.xctest */ = {isa = PBXFileReference; explicitFileType = wrapper.cfbundle; includeInIndex = 0; path = SwiftUITestingTests.xctest; sourceTree = BUILT_PRODUCTS_DIR; };
		C628BD6B2D286FAB00526283 /* SwiftUITestingTests.swift */ = {isa = PBXFileReference; lastKnownFileType = sourcecode.swift; path = SwiftUITestingTests.swift; sourceTree = "<group>"; };
/* End PBXFileReference section */

/* Begin PBXFrameworksBuildPhase section */
		C628BD542D286FAA00526283 /* Frameworks */ = {
			isa = PBXFrameworksBuildPhase;
			buildActionMask = 2147483647;
			files = (
			);
			runOnlyForDeploymentPostprocessing = 0;
		};
		C628BD642D286FAB00526283 /* Frameworks */ = {
			isa = PBXFrameworksBuildPhase;
			buildActionMask = 2147483647;
			files = (
				C628BD892D28712D00526283 /* ViewInspector in Frameworks */,
			);
			runOnlyForDeploymentPostprocessing = 0;
		};
/* End PBXFrameworksBuildPhase section */

/* Begin PBXGroup section */
		C628BD4E2D286FAA00526283 = {
			isa = PBXGroup;
			children = (
				C628BD592D286FAA00526283 /* SwiftUITesting */,
				C628BD6A2D286FAB00526283 /* SwiftUITestingTests */,
				C628BD742D286FAC00526283 /* SwiftUITestingUITests */,
				C628BD582D286FAA00526283 /* Products */,
			);
			sourceTree = "<group>";
		};
		C628BD582D286FAA00526283 /* Products */ = {
			isa = PBXGroup;
			children = (
				C628BD572D286FAA00526283 /* SwiftUITesting.app */,
				C628BD672D286FAB00526283 /* SwiftUITestingTests.xctest */,
			);
			name = Products;
			sourceTree = "<group>";
		};
		C628BD592D286FAA00526283 /* SwiftUITesting */ = {
			isa = PBXGroup;
			children = (
				C628BD5A2D286FAA00526283 /* SwiftUITestingApp.swift */,
				C628BD5C2D286FAA00526283 /* ContentView.swift */,
				C628BD5E2D286FAB00526283 /* Assets.xcassets */,
				C628BD602D286FAB00526283 /* Preview Content */,
			);
			path = SwiftUITesting;
			sourceTree = "<group>";
		};
		C628BD602D286FAB00526283 /* Preview Content */ = {
			isa = PBXGroup;
			children = (
				C628BD612D286FAB00526283 /* Preview Assets.xcassets */,
			);
			path = "Preview Content";
			sourceTree = "<group>";
		};
		C628BD6A2D286FAB00526283 /* SwiftUITestingTests */ = {
			isa = PBXGroup;
			children = (
				C628BD6B2D286FAB00526283 /* SwiftUITestingTests.swift */,
			);
			path = SwiftUITestingTests;
			sourceTree = "<group>";
		};
		C628BD742D286FAC00526283 /* SwiftUITestingUITests */ = {
			isa = PBXGroup;
			children = (
			);
			path = SwiftUITestingUITests;
			sourceTree = "<group>";
		};
/* End PBXGroup section */

/* Begin PBXNativeTarget section */
		C628BD562D286FAA00526283 /* SwiftUITesting */ = {
			isa = PBXNativeTarget;
			buildConfigurationList = C628BD7B2D286FAC00526283 /* Build configuration list for PBXNativeTarget "SwiftUITesting" */;
			buildPhases = (
				C628BD532D286FAA00526283 /* Sources */,
				C628BD542D286FAA00526283 /* Frameworks */,
				C628BD552D286FAA00526283 /* Resources */,
			);
			buildRules = (
			);
			dependencies = (
			);
			name = SwiftUITesting;
			productName = SwiftUITesting;
			productReference = C628BD572D286FAA00526283 /* SwiftUITesting.app */;
			productType = "com.apple.product-type.application";
		};
		C628BD662D286FAB00526283 /* SwiftUITestingTests */ = {
			isa = PBXNativeTarget;
			buildConfigurationList = C628BD7E2D286FAC00526283 /* Build configuration list for PBXNativeTarget "SwiftUITestingTests" */;
			buildPhases = (
				C628BD632D286FAB00526283 /* Sources */,
				C628BD642D286FAB00526283 /* Frameworks */,
				C628BD652D286FAB00526283 /* Resources */,
			);
			buildRules = (
			);
			dependencies = (
				C628BD692D286FAB00526283 /* PBXTargetDependency */,
			);
			name = SwiftUITestingTests;
			packageProductDependencies = (
				C628BD882D28712D00526283 /* ViewInspector */,
			);
			productName = SwiftUITestingTests;
			productReference = C628BD672D286FAB00526283 /* SwiftUITestingTests.xctest */;
			productType = "com.apple.product-type.bundle.unit-test";
		};
/* End PBXNativeTarget section */

/* Begin PBXProject section */
		C628BD4F2D286FAA00526283 /* Project object */ = {
			isa = PBXProject;
			attributes = {
				BuildIndependentTargetsInParallel = 1;
				LastSwiftUpdateCheck = 1540;
				LastUpgradeCheck = 1540;
				TargetAttributes = {
					C628BD562D286FAA00526283 = {
						CreatedOnToolsVersion = 15.4;
					};
					C628BD662D286FAB00526283 = {
						CreatedOnToolsVersion = 15.4;
						TestTargetID = C628BD562D286FAA00526283;
					};
				};
			};
			buildConfigurationList = C628BD522D286FAA00526283 /* Build configuration list for PBXProject "SwiftUITesting" */;
			compatibilityVersion = "Xcode 14.0";
			developmentRegion = en;
			hasScannedForEncodings = 0;
			knownRegions = (
				en,
				Base,
			);
			mainGroup = C628BD4E2D286FAA00526283;
			packageReferences = (
				C628BD872D28712D00526283 /* XCRemoteSwiftPackageReference "ViewInspector" */,
			);
			productRefGroup = C628BD582D286FAA00526283 /* Products */;
			projectDirPath = "";
			projectRoot = "";
			targets = (
				C628BD562D286FAA00526283 /* SwiftUITesting */,
				C628BD662D286FAB00526283 /* SwiftUITestingTests */,
			);
		};
/* End PBXProject section */

/* Begin PBXResourcesBuildPhase section */
		C628BD552D286FAA00526283 /* Resources */ = {
			isa = PBXResourcesBuildPhase;
			buildActionMask = 2147483647;
			files = (
				C628BD622D286FAB00526283 /* Preview Assets.xcassets in Resources */,
				C628BD5F2D286FAB00526283 /* Assets.xcassets in Resources */,
			);
			runOnlyForDeploymentPostprocessing = 0;
		};
		C628BD652D286FAB00526283 /* Resources */ = {
			isa = PBXResourcesBuildPhase;
			buildActionMask = 2147483647;
			files = (
			);
			runOnlyForDeploymentPostprocessing = 0;
		};
/* End PBXResourcesBuildPhase section */

/* Begin PBXSourcesBuildPhase section */
		C628BD532D286FAA00526283 /* Sources */ = {
			isa = PBXSourcesBuildPhase;
			buildActionMask = 2147483647;
			files = (
				C628BD5D2D286FAA00526283 /* ContentView.swift in Sources */,
				C628BD5B2D286FAA00526283 /* SwiftUITestingApp.swift in Sources */,
			);
			runOnlyForDeploymentPostprocessing = 0;
		};
		C628BD632D286FAB00526283 /* Sources */ = {
			isa = PBXSourcesBuildPhase;
			buildActionMask = 2147483647;
			files = (
				C628BD6C2D286FAB00526283 /* SwiftUITestingTests.swift in Sources */,
			);
			runOnlyForDeploymentPostprocessing = 0;
		};
/* End PBXSourcesBuildPhase section */

/* Begin PBXTargetDependency section */
		C628BD692D286FAB00526283 /* PBXTargetDependency */ = {
			isa = PBXTargetDependency;
			target = C628BD562D286FAA00526283 /* SwiftUITesting */;
			targetProxy = C628BD682D286FAB00526283 /* PBXContainerItemProxy */;
		};
/* End PBXTargetDependency section */

/* Begin XCBuildConfiguration section */
		C628BD792D286FAC00526283 /* Debug */ = {
			isa = XCBuildConfiguration;
			buildSettings = {
				ALWAYS_SEARCH_USER_PATHS = NO;
				ASSETCATALOG_COMPILER_GENERATE_SWIFT_ASSET_SYMBOL_EXTENSIONS = YES;
				CLANG_ANALYZER_NONNULL = YES;
				CLANG_ANALYZER_NUMBER_OBJECT_CONVERSION = YES_AGGRESSIVE;
				CLANG_CXX_LANGUAGE_STANDARD = "gnu++20";
				CLANG_ENABLE_MODULES = YES;
				CLANG_ENABLE_OBJC_ARC = YES;
				CLANG_ENABLE_OBJC_WEAK = YES;
				CLANG_WARN_BLOCK_CAPTURE_AUTORELEASING = YES;
				CLANG_WARN_BOOL_CONVERSION = YES;
				CLANG_WARN_COMMA = YES;
				CLANG_WARN_CONSTANT_CONVERSION = YES;
				CLANG_WARN_DEPRECATED_OBJC_IMPLEMENTATIONS = YES;
				CLANG_WARN_DIRECT_OBJC_ISA_USAGE = YES_ERROR;
				CLANG_WARN_DOCUMENTATION_COMMENTS = YES;
				CLANG_WARN_EMPTY_BODY = YES;
				CLANG_WARN_ENUM_CONVERSION = YES;
				CLANG_WARN_INFINITE_RECURSION = YES;
				CLANG_WARN_INT_CONVERSION = YES;
				CLANG_WARN_NON_LITERAL_NULL_CONVERSION = YES;
				CLANG_WARN_OBJC_IMPLICIT_RETAIN_SELF = YES;
				CLANG_WARN_OBJC_LITERAL_CONVERSION = YES;
				CLANG_WARN_OBJC_ROOT_CLASS = YES_ERROR;
				CLANG_WARN_QUOTED_INCLUDE_IN_FRAMEWORK_HEADER = YES;
				CLANG_WARN_RANGE_LOOP_ANALYSIS = YES;
				CLANG_WARN_STRICT_PROTOTYPES = YES;
				CLANG_WARN_SUSPICIOUS_MOVE = YES;
				CLANG_WARN_UNGUARDED_AVAILABILITY = YES_AGGRESSIVE;
				CLANG_WARN_UNREACHABLE_CODE = YES;
				CLANG_WARN__DUPLICATE_METHOD_MATCH = YES;
				COPY_PHASE_STRIP = NO;
				DEBUG_INFORMATION_FORMAT = dwarf;
				ENABLE_STRICT_OBJC_MSGSEND = YES;
				ENABLE_TESTABILITY = YES;
				ENABLE_USER_SCRIPT_SANDBOXING = YES;
				GCC_C_LANGUAGE_STANDARD = gnu17;
				GCC_DYNAMIC_NO_PIC = NO;
				GCC_NO_COMMON_BLOCKS = YES;
				GCC_OPTIMIZATION_LEVEL = 0;
				GCC_PREPROCESSOR_DEFINITIONS = (
					"DEBUG=1",
					"$(inherited)",
				);
				GCC_WARN_64_TO_32_BIT_CONVERSION = YES;
				GCC_WARN_ABOUT_RETURN_TYPE = YES_ERROR;
				GCC_WARN_UNDECLARED_SELECTOR = YES;
				GCC_WARN_UNINITIALIZED_AUTOS = YES_AGGRESSIVE;
				GCC_WARN_UNUSED_FUNCTION = YES;
				GCC_WARN_UNUSED_VARIABLE = YES;
				IPHONEOS_DEPLOYMENT_TARGET = 17.5;
				LOCALIZATION_PREFERS_STRING_CATALOGS = YES;
				MTL_ENABLE_DEBUG_INFO = INCLUDE_SOURCE;
				MTL_FAST_MATH = YES;
				ONLY_ACTIVE_ARCH = YES;
				SDKROOT = iphoneos;
				SWIFT_ACTIVE_COMPILATION_CONDITIONS = "DEBUG $(inherited)";
				SWIFT_OPTIMIZATION_LEVEL = "-Onone";
			};
			name = Debug;
		};
		C628BD7A2D286FAC00526283 /* Release */ = {
			isa = XCBuildConfiguration;
			buildSettings = {
				ALWAYS_SEARCH_USER_PATHS = NO;
				ASSETCATALOG_COMPILER_GENERATE_SWIFT_ASSET_SYMBOL_EXTENSIONS = YES;
				CLANG_ANALYZER_NONNULL = YES;
				CLANG_ANALYZER_NUMBER_OBJECT_CONVERSION = YES_AGGRESSIVE;
				CLANG_CXX_LANGUAGE_STANDARD = "gnu++20";
				CLANG_ENABLE_MODULES = YES;
				CLANG_ENABLE_OBJC_ARC = YES;
				CLANG_ENABLE_OBJC_WEAK = YES;
				CLANG_WARN_BLOCK_CAPTURE_AUTORELEASING = YES;
				CLANG_WARN_BOOL_CONVERSION = YES;
				CLANG_WARN_COMMA = YES;
				CLANG_WARN_CONSTANT_CONVERSION = YES;
				CLANG_WARN_DEPRECATED_OBJC_IMPLEMENTATIONS = YES;
				CLANG_WARN_DIRECT_OBJC_ISA_USAGE = YES_ERROR;
				CLANG_WARN_DOCUMENTATION_COMMENTS = YES;
				CLANG_WARN_EMPTY_BODY = YES;
				CLANG_WARN_ENUM_CONVERSION = YES;
				CLANG_WARN_INFINITE_RECURSION = YES;
				CLANG_WARN_INT_CONVERSION = YES;
				CLANG_WARN_NON_LITERAL_NULL_CONVERSION = YES;
				CLANG_WARN_OBJC_IMPLICIT_RETAIN_SELF = YES;
				CLANG_WARN_OBJC_LITERAL_CONVERSION = YES;
				CLANG_WARN_OBJC_ROOT_CLASS = YES_ERROR;
				CLANG_WARN_QUOTED_INCLUDE_IN_FRAMEWORK_HEADER = YES;
				CLANG_WARN_RANGE_LOOP_ANALYSIS = YES;
				CLANG_WARN_STRICT_PROTOTYPES = YES;
				CLANG_WARN_SUSPICIOUS_MOVE = YES;
				CLANG_WARN_UNGUARDED_AVAILABILITY = YES_AGGRESSIVE;
				CLANG_WARN_UNREACHABLE_CODE = YES;
				CLANG_WARN__DUPLICATE_METHOD_MATCH = YES;
				COPY_PHASE_STRIP = NO;
				DEBUG_INFORMATION_FORMAT = "dwarf-with-dsym";
				ENABLE_NS_ASSERTIONS = NO;
				ENABLE_STRICT_OBJC_MSGSEND = YES;
				ENABLE_USER_SCRIPT_SANDBOXING = YES;
				GCC_C_LANGUAGE_STANDARD = gnu17;
				GCC_NO_COMMON_BLOCKS = YES;
				GCC_WARN_64_TO_32_BIT_CONVERSION = YES;
				GCC_WARN_ABOUT_RETURN_TYPE = YES_ERROR;
				GCC_WARN_UNDECLARED_SELECTOR = YES;
				GCC_WARN_UNINITIALIZED_AUTOS = YES_AGGRESSIVE;
				GCC_WARN_UNUSED_FUNCTION = YES;
				GCC_WARN_UNUSED_VARIABLE = YES;
				IPHONEOS_DEPLOYMENT_TARGET = 17.5;
				LOCALIZATION_PREFERS_STRING_CATALOGS = YES;
				MTL_ENABLE_DEBUG_INFO = NO;
				MTL_FAST_MATH = YES;
				SDKROOT = iphoneos;
				SWIFT_COMPILATION_MODE = wholemodule;
				VALIDATE_PRODUCT = YES;
			};
			name = Release;
		};
		C628BD7C2D286FAC00526283 /* Debug */ = {
			isa = XCBuildConfiguration;
			buildSettings = {
				ASSETCATALOG_COMPILER_APPICON_NAME = AppIcon;
				ASSETCATALOG_COMPILER_GLOBAL_ACCENT_COLOR_NAME = AccentColor;
				CODE_SIGN_STYLE = Automatic;
				CURRENT_PROJECT_VERSION = 1;
				DEVELOPMENT_ASSET_PATHS = "\"SwiftUITesting/Preview Content\"";
				DEVELOPMENT_TEAM = 476QK54UU2;
				ENABLE_PREVIEWS = YES;
				GENERATE_INFOPLIST_FILE = YES;
				INFOPLIST_KEY_UIApplicationSceneManifest_Generation = YES;
				INFOPLIST_KEY_UIApplicationSupportsIndirectInputEvents = YES;
				INFOPLIST_KEY_UILaunchScreen_Generation = YES;
				INFOPLIST_KEY_UISupportedInterfaceOrientations_iPad = "UIInterfaceOrientationPortrait UIInterfaceOrientationPortraitUpsideDown UIInterfaceOrientationLandscapeLeft UIInterfaceOrientationLandscapeRight";
				INFOPLIST_KEY_UISupportedInterfaceOrientations_iPhone = "UIInterfaceOrientationPortrait UIInterfaceOrientationLandscapeLeft UIInterfaceOrientationLandscapeRight";
				LD_RUNPATH_SEARCH_PATHS = (
					"$(inherited)",
					"@executable_path/Frameworks",
				);
				MARKETING_VERSION = 1.0;
				PRODUCT_BUNDLE_IDENTIFIER = "com.it-guy.SwiftUITesting";
				PRODUCT_NAME = "$(TARGET_NAME)";
				SWIFT_EMIT_LOC_STRINGS = YES;
				SWIFT_VERSION = 5.0;
				TARGETED_DEVICE_FAMILY = "1,2";
			};
			name = Debug;
		};
		C628BD7D2D286FAC00526283 /* Release */ = {
			isa = XCBuildConfiguration;
			buildSettings = {
				ASSETCATALOG_COMPILER_APPICON_NAME = AppIcon;
				ASSETCATALOG_COMPILER_GLOBAL_ACCENT_COLOR_NAME = AccentColor;
				CODE_SIGN_STYLE = Automatic;
				CURRENT_PROJECT_VERSION = 1;
				DEVELOPMENT_ASSET_PATHS = "\"SwiftUITesting/Preview Content\"";
				DEVELOPMENT_TEAM = 476QK54UU2;
				ENABLE_PREVIEWS = YES;
				GENERATE_INFOPLIST_FILE = YES;
				INFOPLIST_KEY_UIApplicationSceneManifest_Generation = YES;
				INFOPLIST_KEY_UIApplicationSupportsIndirectInputEvents = YES;
				INFOPLIST_KEY_UILaunchScreen_Generation = YES;
				INFOPLIST_KEY_UISupportedInterfaceOrientations_iPad = "UIInterfaceOrientationPortrait UIInterfaceOrientationPortraitUpsideDown UIInterfaceOrientationLandscapeLeft UIInterfaceOrientationLandscapeRight";
				INFOPLIST_KEY_UISupportedInterfaceOrientations_iPhone = "UIInterfaceOrientationPortrait UIInterfaceOrientationLandscapeLeft UIInterfaceOrientationLandscapeRight";
				LD_RUNPATH_SEARCH_PATHS = (
					"$(inherited)",
					"@executable_path/Frameworks",
				);
				MARKETING_VERSION = 1.0;
				PRODUCT_BUNDLE_IDENTIFIER = "com.it-guy.SwiftUITesting";
				PRODUCT_NAME = "$(TARGET_NAME)";
				SWIFT_EMIT_LOC_STRINGS = YES;
				SWIFT_VERSION = 5.0;
				TARGETED_DEVICE_FAMILY = "1,2";
			};
			name = Release;
		};
		C628BD7F2D286FAC00526283 /* Debug */ = {
			isa = XCBuildConfiguration;
			buildSettings = {
				ALWAYS_EMBED_SWIFT_STANDARD_LIBRARIES = YES;
				BUNDLE_LOADER = "$(TEST_HOST)";
				CODE_SIGN_STYLE = Automatic;
				CURRENT_PROJECT_VERSION = 1;
				DEVELOPMENT_TEAM = 476QK54UU2;
				GENERATE_INFOPLIST_FILE = YES;
				IPHONEOS_DEPLOYMENT_TARGET = 17.5;
				MARKETING_VERSION = 1.0;
				PRODUCT_BUNDLE_IDENTIFIER = "com.it-guy.SwiftUITestingTests";
				PRODUCT_NAME = "$(TARGET_NAME)";
				SWIFT_EMIT_LOC_STRINGS = NO;
				SWIFT_VERSION = 5.0;
				TARGETED_DEVICE_FAMILY = "1,2";
				TEST_HOST = "$(BUILT_PRODUCTS_DIR)/SwiftUITesting.app/$(BUNDLE_EXECUTABLE_FOLDER_PATH)/SwiftUITesting";
			};
			name = Debug;
		};
		C628BD802D286FAC00526283 /* Release */ = {
			isa = XCBuildConfiguration;
			buildSettings = {
				ALWAYS_EMBED_SWIFT_STANDARD_LIBRARIES = YES;
				BUNDLE_LOADER = "$(TEST_HOST)";
				CODE_SIGN_STYLE = Automatic;
				CURRENT_PROJECT_VERSION = 1;
				DEVELOPMENT_TEAM = 476QK54UU2;
				GENERATE_INFOPLIST_FILE = YES;
				IPHONEOS_DEPLOYMENT_TARGET = 17.5;
				MARKETING_VERSION = 1.0;
				PRODUCT_BUNDLE_IDENTIFIER = "com.it-guy.SwiftUITestingTests";
				PRODUCT_NAME = "$(TARGET_NAME)";
				SWIFT_EMIT_LOC_STRINGS = NO;
				SWIFT_VERSION = 5.0;
				TARGETED_DEVICE_FAMILY = "1,2";
				TEST_HOST = "$(BUILT_PRODUCTS_DIR)/SwiftUITesting.app/$(BUNDLE_EXECUTABLE_FOLDER_PATH)/SwiftUITesting";
			};
			name = Release;
		};
/* End XCBuildConfiguration section */

/* Begin XCConfigurationList section */
		C628BD522D286FAA00526283 /* Build configuration list for PBXProject "SwiftUITesting" */ = {
			isa = XCConfigurationList;
			buildConfigurations = (
				C628BD792D286FAC00526283 /* Debug */,
				C628BD7A2D286FAC00526283 /* Release */,
			);
			defaultConfigurationIsVisible = 0;
			defaultConfigurationName = Release;
		};
		C628BD7B2D286FAC00526283 /* Build configuration list for PBXNativeTarget "SwiftUITesting" */ = {
			isa = XCConfigurationList;
			buildConfigurations = (
				C628BD7C2D286FAC00526283 /* Debug */,
				C628BD7D2D286FAC00526283 /* Release */,
			);
			defaultConfigurationIsVisible = 0;
			defaultConfigurationName = Release;
		};
		C628BD7E2D286FAC00526283 /* Build configuration list for PBXNativeTarget "SwiftUITestingTests" */ = {
			isa = XCConfigurationList;
			buildConfigurations = (
				C628BD7F2D286FAC00526283 /* Debug */,
				C628BD802D286FAC00526283 /* Release */,
			);
			defaultConfigurationIsVisible = 0;
			defaultConfigurationName = Release;
		};
/* End XCConfigurationList section */

/* Begin XCRemoteSwiftPackageReference section */
		C628BD872D28712D00526283 /* XCRemoteSwiftPackageReference "ViewInspector" */ = {
			isa = XCRemoteSwiftPackageReference;
			repositoryURL = "https://github.com/nalexn/ViewInspector";
			requirement = {
				kind = exactVersion;
				version = 0.10.0;
			};
		};
/* End XCRemoteSwiftPackageReference section */

/* Begin XCSwiftPackageProductDependency section */
		C628BD882D28712D00526283 /* ViewInspector */ = {
			isa = XCSwiftPackageProductDependency;
			package = C628BD872D28712D00526283 /* XCRemoteSwiftPackageReference "ViewInspector" */;
			productName = ViewInspector;
		};
/* End XCSwiftPackageProductDependency section */
	};
	rootObject = C628BD4F2D286FAA00526283 /* Project object */;
}
